services:
  _defaults:
    public: true

  kaudaj.module.blocks.block.query_handler.get_all:
    public: true
    parent: kaudaj.module.blocks.block.query_handler.abstract
    class: Kaudaj\Module\Blocks\Domain\Block\QueryHandler\GetBlocksHandler
    tags:
      - name: tactician.handler
        command: Kaudaj\Module\Blocks\Domain\Block\Query\GetBlocks

  kaudaj.module.blocks.block.query_handler.get_block_for_editing:
    public: true
    parent: kaudaj.module.blocks.block.query_handler.abstract
    class: Kaudaj\Module\Blocks\Domain\Block\QueryHandler\GetBlockForEditingHandler
    tags:
      - name: tactician.handler
        command: Kaudaj\Module\Blocks\Domain\Block\Query\GetBlockForEditing

  kaudaj.module.blocks.block.command_handler.abstract:
    abstract: true
    class: Kaudaj\Module\Blocks\Domain\Block\CommandHandler\AbstractBlockCommandHandler
    arguments:
      - "@doctrine.orm.entity_manager"

  kaudaj.module.blocks.block.command_handler.add:
    public: true
    parent: kaudaj.module.blocks.block.command_handler.abstract
    class: Kaudaj\Module\Blocks\Domain\Block\CommandHandler\AddBlockHandler
    tags:
      - name: tactician.handler
        command: Kaudaj\Module\Blocks\Domain\Block\Command\AddBlockCommand

  kaudaj.module.blocks.block.command_handler.edit:
    public: true
    parent: kaudaj.module.blocks.block.command_handler.abstract
    class: Kaudaj\Module\Blocks\Domain\Block\CommandHandler\EditBlockHandler
    tags:
      - name: tactician.handler
        command: Kaudaj\Module\Blocks\Domain\Block\Command\EditBlockCommand

  kaudaj.module.blocks.block.command_handler.delete:
    public: true
    parent: kaudaj.module.blocks.block.command_handler.abstract
    class: Kaudaj\Module\Blocks\Domain\Block\CommandHandler\DeleteBlockHandler
    arguments:
      - '@kaudaj.module.blocks.file.block_file_manager'
    tags:
      - name: tactician.handler
        command: Kaudaj\Module\Blocks\Domain\Block\Command\DeleteBlockCommand
