services:
  _defaults:
    public: true

  kaudaj.module.content_blocks.content_block.query_handler.abstract:
    abstract: true
    class: Kaudaj\Module\ContentBlocks\Domain\ContentBlock\QueryHandler\AbstractContentBlockQueryHandler
    arguments:
      - "@doctrine.orm.entity_manager"

  kaudaj.module.content_blocks.content_block.query_handler.get:
    public: true
    parent: kaudaj.module.content_blocks.content_block.query_handler.abstract
    class: Kaudaj\Module\ContentBlocks\Domain\ContentBlock\QueryHandler\GetContentBlockHandler
    tags:
      - name: tactician.handler
        command: Kaudaj\Module\ContentBlocks\Domain\ContentBlock\Query\GetContentBlock

  kaudaj.module.content_blocks.content_block.query_handler.get_content_block_for_editing:
    public: true
    parent: kaudaj.module.content_blocks.content_block.query_handler.abstract
    class: Kaudaj\Module\ContentBlocks\Domain\ContentBlock\QueryHandler\GetContentBlockForEditingHandler
    tags:
      - name: tactician.handler
        command: Kaudaj\Module\ContentBlocks\Domain\ContentBlock\Query\GetContentBlockForEditing

  kaudaj.module.content_blocks.content_block.command_handler.abstract:
    abstract: true
    class: Kaudaj\Module\ContentBlocks\Domain\ContentBlock\CommandHandler\AbstractContentBlockCommandHandler
    arguments:
      - "@doctrine.orm.entity_manager"

  kaudaj.module.content_blocks.content_block.command_handler.add:
    public: true
    parent: kaudaj.module.content_blocks.content_block.command_handler.abstract
    class: Kaudaj\Module\ContentBlocks\Domain\ContentBlock\CommandHandler\AddContentBlockHandler
    tags:
      - name: tactician.handler
        command: Kaudaj\Module\ContentBlocks\Domain\ContentBlock\Command\AddContentBlockCommand

  kaudaj.module.content_blocks.content_block.command_handler.edit:
    public: true
    parent: kaudaj.module.content_blocks.content_block.command_handler.abstract
    class: Kaudaj\Module\ContentBlocks\Domain\ContentBlock\CommandHandler\EditContentBlockHandler
    tags:
      - name: tactician.handler
        command: Kaudaj\Module\ContentBlocks\Domain\ContentBlock\Command\EditContentBlockCommand

  kaudaj.module.content_blocks.content_block.command_handler.delete:
    public: true
    parent: kaudaj.module.content_blocks.content_block.command_handler.abstract
    class: Kaudaj\Module\ContentBlocks\Domain\ContentBlock\CommandHandler\DeleteContentBlockHandler
    tags:
      - name: tactician.handler
        command: Kaudaj\Module\ContentBlocks\Domain\ContentBlock\Command\DeleteContentBlockCommand
